
Microsoft Visual Studio Solution File, Format Version 12.00
# Visual Studio Version 17
VisualStudioVersion = 17.6.33712.159
MinimumVisualStudioVersion = 10.0.40219.1
Project("{9A19103F-16F7-4668-BE54-9A1E7A4F7556}") = "C02_Arguments", "C02_Arguments\C02_Arguments.csproj", "{92C4CE14-5F09-45C2-A5C5-DBA66AD0D334}"
EndProject
Project("{9A19103F-16F7-4668-BE54-9A1E7A4F7556}") = "C02_Numbers", "C02_Numbers\C02_Numbers.csproj", "{8A60ADEA-BD22-4276-9AA2-49DDDFB93238}"
EndProject
Project("{9A19103F-16F7-4668-BE54-9A1E7A4F7556}") = "C02_Variables", "C02_Variables\C02_Variables.csproj", "{F4B3B6C2-9696-4949-8447-70DBDF022897}"
EndProject
Project("{9A19103F-16F7-4668-BE54-9A1E7A4F7556}") = "C02_Vocabulary", "C02_Vocabulary\C02_Vocabulary.csproj", "{E41ECEED-EDAF-40B4-8C50-0658113F2F22}"
EndProject
Project("{9A19103F-16F7-4668-BE54-9A1E7A4F7556}") = "C04_Debugging", "C04_Debugging\C04_Debugging.csproj", "{02E8FA14-69A1-4DCE-9A31-FDC6D8D00A6D}"
EndProject
Project("{9A19103F-16F7-4668-BE54-9A1E7A4F7556}") = "C04_Fibonacci", "C04_Fibonacci\C04_Fibonacci.csproj", "{2BEC965B-7378-496D-9C02-9C3C7335A748}"
EndProject
Project("{9A19103F-16F7-4668-BE54-9A1E7A4F7556}") = "C04_CalculatorLib", "C04_CalculatorLib\C04_CalculatorLib.csproj", "{70CC739A-0A78-4683-9167-87C7210A7B9F}"
EndProject
Project("{9A19103F-16F7-4668-BE54-9A1E7A4F7556}") = "C04_CalculatorLib.Test", "C04_CalculatorLib.Test\C04_CalculatorLib.Test.csproj", "{F6F838F1-3224-435A-B4AB-D7380EC04A8A}"
EndProject
Project("{9A19103F-16F7-4668-BE54-9A1E7A4F7556}") = "C06_CodeAnalysis", "C06_CodeAnalysis\C06_CodeAnalysis.csproj", "{9F409644-0487-48A3-A7A3-04F452C0723C}"
EndProject
Project("{9A19103F-16F7-4668-BE54-9A1E7A4F7556}") = "C06_Library", "C06_Library\C06_Library.csproj", "{9986BE94-5CE8-4CA1-82C2-297564B519AE}"
EndProject
Project("{9A19103F-16F7-4668-BE54-9A1E7A4F7556}") = "C06_NullValues", "C06_NullValues\C06_NullValues.csproj", "{E7A21D2C-96CD-4797-BE0D-7A9A96E5CC82}"
EndProject
Project("{9A19103F-16F7-4668-BE54-9A1E7A4F7556}") = "C06_Persons", "C06_Persons\C06_Persons.csproj", "{560A5665-D904-42AD-89DA-E0257642A3EF}"
EndProject
Project("{9A19103F-16F7-4668-BE54-9A1E7A4F7556}") = "C10_StudentsAndCourses", "C10_StudentsAndCourses\C10_StudentsAndCourses.csproj", "{BD283908-EBD0-4C10-9764-ABE8955034CF}"
EndProject
Project("{9A19103F-16F7-4668-BE54-9A1E7A4F7556}") = "C10_WorkWithEFCore", "C10_WorkWithEFCore\C10_WorkWithEFCore.csproj", "{A9A7637C-CD16-40E5-B560-DDE4E61FA3AE}"
EndProject
Project("{9A19103F-16F7-4668-BE54-9A1E7A4F7556}") = "C11_LinqWithEfCore", "C11_LinqWithEfCore\C11_LinqWithEfCore.csproj", "{BACEE0B0-2BD6-4996-8B43-C897F74988F6}"
EndProject
Project("{9A19103F-16F7-4668-BE54-9A1E7A4F7556}") = "C11_ParallelLinq", "C11_ParallelLinq\C11_ParallelLinq.csproj", "{9FBBDBEF-9585-4AD0-8510-AFB72B06CA52}"
EndProject
Project("{9A19103F-16F7-4668-BE54-9A1E7A4F7556}") = "C12_WorkWithTasks", "C12_WorkWithTasks\C12_WorkWithTasks.csproj", "{EBED7A0B-B10E-4549-A8C3-53DE757BC098}"
EndProject
Project("{9A19103F-16F7-4668-BE54-9A1E7A4F7556}") = "C12_ResponsiveWpf", "C12_ResponsiveWpf\C12_ResponsiveWpf.csproj", "{4BDCA369-1CF8-4631-AF7D-19235F4FF80F}"
EndProject
Project("{9A19103F-16F7-4668-BE54-9A1E7A4F7556}") = "C12_NestedAndDescendantTasks", "C12_NestedAndDescendantTasks\C12_NestedAndDescendantTasks.csproj", "{25DCA6BC-BCB9-42BC-99E2-BC749E75FDF3}"
EndProject
Project("{9A19103F-16F7-4668-BE54-9A1E7A4F7556}") = "C12_MonitoringLibrary", "C12_MonitoringLibrary\C12_MonitoringLibrary.csproj", "{762F6DA6-6215-470F-8E3F-A25B6EDDDA8E}"
EndProject
Project("{9A19103F-16F7-4668-BE54-9A1E7A4F7556}") = "C12_MonitoringApplication", "C12_MonitoringApplication\C12_MonitoringApplication.csproj", "{5C5C7D9C-01BF-43AB-945A-1EF8D2CC4BC2}"
EndProject
Project("{9A19103F-16F7-4668-BE54-9A1E7A4F7556}") = "C12_SynchronizingAccessToResources", "C12_SynchronizingAccessToResources\C12_SynchronizingAccessToResources.csproj", "{A519B02B-B562-4168-8285-E64B030C27C5}"
EndProject
Project("{9A19103F-16F7-4668-BE54-9A1E7A4F7556}") = "C12_AsyncEnumerable", "C12_AsyncEnumerable\C12_AsyncEnumerable.csproj", "{5A604E35-BBA1-49D0-995B-49C1E23F8E13}"
EndProject
Project("{9A19103F-16F7-4668-BE54-9A1E7A4F7556}") = "Northwind.Common.EntityModels.SqlServer.Lib", "Northwind.Common.EntityModels.SqlServer.Lib\Northwind.Common.EntityModels.SqlServer.Lib.csproj", "{4A7939DB-A20A-4ECF-9DA4-2313C91C28A5}"
EndProject
Project("{9A19103F-16F7-4668-BE54-9A1E7A4F7556}") = "Northwind.Common.DataModels.Sqlite.Lib", "Northwind.Common.DataModels.Sqlite.Lib\Northwind.Common.DataModels.Sqlite.Lib.csproj", "{5313B720-2F65-4AE4-B5A0-560353C53C6A}"
EndProject
Project("{9A19103F-16F7-4668-BE54-9A1E7A4F7556}") = "Northwind.Common.DataContext.Sqlite.Lib", "Northwind.Common.DataContext.Sqlite.Lib\Northwind.Common.DataContext.Sqlite.Lib.csproj", "{41A45335-474E-415C-AF9B-04531641E16F}"
EndProject
Project("{9A19103F-16F7-4668-BE54-9A1E7A4F7556}") = "Northwind.Common.DataContext.SqlServer.Lib", "Northwind.Common.DataContext.SqlServer.Lib\Northwind.Common.DataContext.SqlServer.Lib.csproj", "{7102E353-D4F1-4E1A-BF94-45EFF8078769}"
EndProject
Project("{9A19103F-16F7-4668-BE54-9A1E7A4F7556}") = "Northwind.Web", "Northwind.Web\Northwind.Web.csproj", "{519525F9-5089-42A2-9DE5-EF81FD73AD35}"
EndProject
Project("{FAE04EC0-301F-11D3-BF4B-00C04F79EFBC}") = "Northwind.RazorClassLibrary.Employees", "Northwind.RazorClassLibrary.Employees\Northwind.RazorClassLibrary.Employees.csproj", "{54EBCC1D-AF80-4D07-A57A-6E981CB79E3F}"
EndProject
Project("{FAE04EC0-301F-11D3-BF4B-00C04F79EFBC}") = "Northwind.Mvc", "Northwind.Mvc\Northwind.Mvc.csproj", "{4A4FC6E9-D194-4002-BAC6-809C200414E5}"
EndProject
Project("{FAE04EC0-301F-11D3-BF4B-00C04F79EFBC}") = "Northwind.WebApi", "Northwind.WebApi\Northwind.WebApi.csproj", "{7D0333C3-2ADD-46A6-9423-1AD660CEC478}"
EndProject
Global
	GlobalSection(SolutionConfigurationPlatforms) = preSolution
		Debug|Any CPU = Debug|Any CPU
		Release|Any CPU = Release|Any CPU
	EndGlobalSection
	GlobalSection(ProjectConfigurationPlatforms) = postSolution
		{92C4CE14-5F09-45C2-A5C5-DBA66AD0D334}.Debug|Any CPU.ActiveCfg = Debug|Any CPU
		{92C4CE14-5F09-45C2-A5C5-DBA66AD0D334}.Debug|Any CPU.Build.0 = Debug|Any CPU
		{92C4CE14-5F09-45C2-A5C5-DBA66AD0D334}.Release|Any CPU.ActiveCfg = Release|Any CPU
		{92C4CE14-5F09-45C2-A5C5-DBA66AD0D334}.Release|Any CPU.Build.0 = Release|Any CPU
		{8A60ADEA-BD22-4276-9AA2-49DDDFB93238}.Debug|Any CPU.ActiveCfg = Debug|Any CPU
		{8A60ADEA-BD22-4276-9AA2-49DDDFB93238}.Debug|Any CPU.Build.0 = Debug|Any CPU
		{8A60ADEA-BD22-4276-9AA2-49DDDFB93238}.Release|Any CPU.ActiveCfg = Release|Any CPU
		{8A60ADEA-BD22-4276-9AA2-49DDDFB93238}.Release|Any CPU.Build.0 = Release|Any CPU
		{F4B3B6C2-9696-4949-8447-70DBDF022897}.Debug|Any CPU.ActiveCfg = Debug|Any CPU
		{F4B3B6C2-9696-4949-8447-70DBDF022897}.Debug|Any CPU.Build.0 = Debug|Any CPU
		{F4B3B6C2-9696-4949-8447-70DBDF022897}.Release|Any CPU.ActiveCfg = Release|Any CPU
		{F4B3B6C2-9696-4949-8447-70DBDF022897}.Release|Any CPU.Build.0 = Release|Any CPU
		{E41ECEED-EDAF-40B4-8C50-0658113F2F22}.Debug|Any CPU.ActiveCfg = Debug|Any CPU
		{E41ECEED-EDAF-40B4-8C50-0658113F2F22}.Debug|Any CPU.Build.0 = Debug|Any CPU
		{E41ECEED-EDAF-40B4-8C50-0658113F2F22}.Release|Any CPU.ActiveCfg = Release|Any CPU
		{E41ECEED-EDAF-40B4-8C50-0658113F2F22}.Release|Any CPU.Build.0 = Release|Any CPU
		{02E8FA14-69A1-4DCE-9A31-FDC6D8D00A6D}.Debug|Any CPU.ActiveCfg = Debug|Any CPU
		{02E8FA14-69A1-4DCE-9A31-FDC6D8D00A6D}.Debug|Any CPU.Build.0 = Debug|Any CPU
		{02E8FA14-69A1-4DCE-9A31-FDC6D8D00A6D}.Release|Any CPU.ActiveCfg = Release|Any CPU
		{02E8FA14-69A1-4DCE-9A31-FDC6D8D00A6D}.Release|Any CPU.Build.0 = Release|Any CPU
		{2BEC965B-7378-496D-9C02-9C3C7335A748}.Debug|Any CPU.ActiveCfg = Debug|Any CPU
		{2BEC965B-7378-496D-9C02-9C3C7335A748}.Debug|Any CPU.Build.0 = Debug|Any CPU
		{2BEC965B-7378-496D-9C02-9C3C7335A748}.Release|Any CPU.ActiveCfg = Release|Any CPU
		{2BEC965B-7378-496D-9C02-9C3C7335A748}.Release|Any CPU.Build.0 = Release|Any CPU
		{70CC739A-0A78-4683-9167-87C7210A7B9F}.Debug|Any CPU.ActiveCfg = Debug|Any CPU
		{70CC739A-0A78-4683-9167-87C7210A7B9F}.Debug|Any CPU.Build.0 = Debug|Any CPU
		{70CC739A-0A78-4683-9167-87C7210A7B9F}.Release|Any CPU.ActiveCfg = Release|Any CPU
		{70CC739A-0A78-4683-9167-87C7210A7B9F}.Release|Any CPU.Build.0 = Release|Any CPU
		{F6F838F1-3224-435A-B4AB-D7380EC04A8A}.Debug|Any CPU.ActiveCfg = Debug|Any CPU
		{F6F838F1-3224-435A-B4AB-D7380EC04A8A}.Debug|Any CPU.Build.0 = Debug|Any CPU
		{F6F838F1-3224-435A-B4AB-D7380EC04A8A}.Release|Any CPU.ActiveCfg = Release|Any CPU
		{F6F838F1-3224-435A-B4AB-D7380EC04A8A}.Release|Any CPU.Build.0 = Release|Any CPU
		{9F409644-0487-48A3-A7A3-04F452C0723C}.Debug|Any CPU.ActiveCfg = Debug|Any CPU
		{9F409644-0487-48A3-A7A3-04F452C0723C}.Debug|Any CPU.Build.0 = Debug|Any CPU
		{9F409644-0487-48A3-A7A3-04F452C0723C}.Release|Any CPU.ActiveCfg = Release|Any CPU
		{9F409644-0487-48A3-A7A3-04F452C0723C}.Release|Any CPU.Build.0 = Release|Any CPU
		{9986BE94-5CE8-4CA1-82C2-297564B519AE}.Debug|Any CPU.ActiveCfg = Debug|Any CPU
		{9986BE94-5CE8-4CA1-82C2-297564B519AE}.Debug|Any CPU.Build.0 = Debug|Any CPU
		{9986BE94-5CE8-4CA1-82C2-297564B519AE}.Release|Any CPU.ActiveCfg = Release|Any CPU
		{9986BE94-5CE8-4CA1-82C2-297564B519AE}.Release|Any CPU.Build.0 = Release|Any CPU
		{E7A21D2C-96CD-4797-BE0D-7A9A96E5CC82}.Debug|Any CPU.ActiveCfg = Debug|Any CPU
		{E7A21D2C-96CD-4797-BE0D-7A9A96E5CC82}.Debug|Any CPU.Build.0 = Debug|Any CPU
		{E7A21D2C-96CD-4797-BE0D-7A9A96E5CC82}.Release|Any CPU.ActiveCfg = Release|Any CPU
		{E7A21D2C-96CD-4797-BE0D-7A9A96E5CC82}.Release|Any CPU.Build.0 = Release|Any CPU
		{560A5665-D904-42AD-89DA-E0257642A3EF}.Debug|Any CPU.ActiveCfg = Debug|Any CPU
		{560A5665-D904-42AD-89DA-E0257642A3EF}.Debug|Any CPU.Build.0 = Debug|Any CPU
		{560A5665-D904-42AD-89DA-E0257642A3EF}.Release|Any CPU.ActiveCfg = Release|Any CPU
		{560A5665-D904-42AD-89DA-E0257642A3EF}.Release|Any CPU.Build.0 = Release|Any CPU
		{BD283908-EBD0-4C10-9764-ABE8955034CF}.Debug|Any CPU.ActiveCfg = Debug|Any CPU
		{BD283908-EBD0-4C10-9764-ABE8955034CF}.Debug|Any CPU.Build.0 = Debug|Any CPU
		{BD283908-EBD0-4C10-9764-ABE8955034CF}.Release|Any CPU.ActiveCfg = Release|Any CPU
		{BD283908-EBD0-4C10-9764-ABE8955034CF}.Release|Any CPU.Build.0 = Release|Any CPU
		{A9A7637C-CD16-40E5-B560-DDE4E61FA3AE}.Debug|Any CPU.ActiveCfg = Debug|Any CPU
		{A9A7637C-CD16-40E5-B560-DDE4E61FA3AE}.Debug|Any CPU.Build.0 = Debug|Any CPU
		{A9A7637C-CD16-40E5-B560-DDE4E61FA3AE}.Release|Any CPU.ActiveCfg = Release|Any CPU
		{A9A7637C-CD16-40E5-B560-DDE4E61FA3AE}.Release|Any CPU.Build.0 = Release|Any CPU
		{BACEE0B0-2BD6-4996-8B43-C897F74988F6}.Debug|Any CPU.ActiveCfg = Debug|Any CPU
		{BACEE0B0-2BD6-4996-8B43-C897F74988F6}.Debug|Any CPU.Build.0 = Debug|Any CPU
		{BACEE0B0-2BD6-4996-8B43-C897F74988F6}.Release|Any CPU.ActiveCfg = Release|Any CPU
		{BACEE0B0-2BD6-4996-8B43-C897F74988F6}.Release|Any CPU.Build.0 = Release|Any CPU
		{9FBBDBEF-9585-4AD0-8510-AFB72B06CA52}.Debug|Any CPU.ActiveCfg = Debug|Any CPU
		{9FBBDBEF-9585-4AD0-8510-AFB72B06CA52}.Debug|Any CPU.Build.0 = Debug|Any CPU
		{9FBBDBEF-9585-4AD0-8510-AFB72B06CA52}.Release|Any CPU.ActiveCfg = Release|Any CPU
		{9FBBDBEF-9585-4AD0-8510-AFB72B06CA52}.Release|Any CPU.Build.0 = Release|Any CPU
		{EBED7A0B-B10E-4549-A8C3-53DE757BC098}.Debug|Any CPU.ActiveCfg = Debug|Any CPU
		{EBED7A0B-B10E-4549-A8C3-53DE757BC098}.Debug|Any CPU.Build.0 = Debug|Any CPU
		{EBED7A0B-B10E-4549-A8C3-53DE757BC098}.Release|Any CPU.ActiveCfg = Release|Any CPU
		{EBED7A0B-B10E-4549-A8C3-53DE757BC098}.Release|Any CPU.Build.0 = Release|Any CPU
		{4BDCA369-1CF8-4631-AF7D-19235F4FF80F}.Debug|Any CPU.ActiveCfg = Debug|Any CPU
		{4BDCA369-1CF8-4631-AF7D-19235F4FF80F}.Debug|Any CPU.Build.0 = Debug|Any CPU
		{4BDCA369-1CF8-4631-AF7D-19235F4FF80F}.Release|Any CPU.ActiveCfg = Release|Any CPU
		{4BDCA369-1CF8-4631-AF7D-19235F4FF80F}.Release|Any CPU.Build.0 = Release|Any CPU
		{25DCA6BC-BCB9-42BC-99E2-BC749E75FDF3}.Debug|Any CPU.ActiveCfg = Debug|Any CPU
		{25DCA6BC-BCB9-42BC-99E2-BC749E75FDF3}.Debug|Any CPU.Build.0 = Debug|Any CPU
		{25DCA6BC-BCB9-42BC-99E2-BC749E75FDF3}.Release|Any CPU.ActiveCfg = Release|Any CPU
		{25DCA6BC-BCB9-42BC-99E2-BC749E75FDF3}.Release|Any CPU.Build.0 = Release|Any CPU
		{762F6DA6-6215-470F-8E3F-A25B6EDDDA8E}.Debug|Any CPU.ActiveCfg = Debug|Any CPU
		{762F6DA6-6215-470F-8E3F-A25B6EDDDA8E}.Debug|Any CPU.Build.0 = Debug|Any CPU
		{762F6DA6-6215-470F-8E3F-A25B6EDDDA8E}.Release|Any CPU.ActiveCfg = Release|Any CPU
		{762F6DA6-6215-470F-8E3F-A25B6EDDDA8E}.Release|Any CPU.Build.0 = Release|Any CPU
		{5C5C7D9C-01BF-43AB-945A-1EF8D2CC4BC2}.Debug|Any CPU.ActiveCfg = Debug|Any CPU
		{5C5C7D9C-01BF-43AB-945A-1EF8D2CC4BC2}.Debug|Any CPU.Build.0 = Debug|Any CPU
		{5C5C7D9C-01BF-43AB-945A-1EF8D2CC4BC2}.Release|Any CPU.ActiveCfg = Release|Any CPU
		{5C5C7D9C-01BF-43AB-945A-1EF8D2CC4BC2}.Release|Any CPU.Build.0 = Release|Any CPU
		{A519B02B-B562-4168-8285-E64B030C27C5}.Debug|Any CPU.ActiveCfg = Debug|Any CPU
		{A519B02B-B562-4168-8285-E64B030C27C5}.Debug|Any CPU.Build.0 = Debug|Any CPU
		{A519B02B-B562-4168-8285-E64B030C27C5}.Release|Any CPU.ActiveCfg = Release|Any CPU
		{A519B02B-B562-4168-8285-E64B030C27C5}.Release|Any CPU.Build.0 = Release|Any CPU
		{5A604E35-BBA1-49D0-995B-49C1E23F8E13}.Debug|Any CPU.ActiveCfg = Debug|Any CPU
		{5A604E35-BBA1-49D0-995B-49C1E23F8E13}.Debug|Any CPU.Build.0 = Debug|Any CPU
		{5A604E35-BBA1-49D0-995B-49C1E23F8E13}.Release|Any CPU.ActiveCfg = Release|Any CPU
		{5A604E35-BBA1-49D0-995B-49C1E23F8E13}.Release|Any CPU.Build.0 = Release|Any CPU
		{4A7939DB-A20A-4ECF-9DA4-2313C91C28A5}.Debug|Any CPU.ActiveCfg = Debug|Any CPU
		{4A7939DB-A20A-4ECF-9DA4-2313C91C28A5}.Debug|Any CPU.Build.0 = Debug|Any CPU
		{4A7939DB-A20A-4ECF-9DA4-2313C91C28A5}.Release|Any CPU.ActiveCfg = Release|Any CPU
		{4A7939DB-A20A-4ECF-9DA4-2313C91C28A5}.Release|Any CPU.Build.0 = Release|Any CPU
		{5313B720-2F65-4AE4-B5A0-560353C53C6A}.Debug|Any CPU.ActiveCfg = Debug|Any CPU
		{5313B720-2F65-4AE4-B5A0-560353C53C6A}.Debug|Any CPU.Build.0 = Debug|Any CPU
		{5313B720-2F65-4AE4-B5A0-560353C53C6A}.Release|Any CPU.ActiveCfg = Release|Any CPU
		{5313B720-2F65-4AE4-B5A0-560353C53C6A}.Release|Any CPU.Build.0 = Release|Any CPU
		{41A45335-474E-415C-AF9B-04531641E16F}.Debug|Any CPU.ActiveCfg = Debug|Any CPU
		{41A45335-474E-415C-AF9B-04531641E16F}.Debug|Any CPU.Build.0 = Debug|Any CPU
		{41A45335-474E-415C-AF9B-04531641E16F}.Release|Any CPU.ActiveCfg = Release|Any CPU
		{41A45335-474E-415C-AF9B-04531641E16F}.Release|Any CPU.Build.0 = Release|Any CPU
		{7102E353-D4F1-4E1A-BF94-45EFF8078769}.Debug|Any CPU.ActiveCfg = Debug|Any CPU
		{7102E353-D4F1-4E1A-BF94-45EFF8078769}.Debug|Any CPU.Build.0 = Debug|Any CPU
		{7102E353-D4F1-4E1A-BF94-45EFF8078769}.Release|Any CPU.ActiveCfg = Release|Any CPU
		{7102E353-D4F1-4E1A-BF94-45EFF8078769}.Release|Any CPU.Build.0 = Release|Any CPU
		{519525F9-5089-42A2-9DE5-EF81FD73AD35}.Debug|Any CPU.ActiveCfg = Debug|Any CPU
		{519525F9-5089-42A2-9DE5-EF81FD73AD35}.Debug|Any CPU.Build.0 = Debug|Any CPU
		{519525F9-5089-42A2-9DE5-EF81FD73AD35}.Release|Any CPU.ActiveCfg = Release|Any CPU
		{519525F9-5089-42A2-9DE5-EF81FD73AD35}.Release|Any CPU.Build.0 = Release|Any CPU
		{54EBCC1D-AF80-4D07-A57A-6E981CB79E3F}.Debug|Any CPU.ActiveCfg = Debug|Any CPU
		{54EBCC1D-AF80-4D07-A57A-6E981CB79E3F}.Debug|Any CPU.Build.0 = Debug|Any CPU
		{54EBCC1D-AF80-4D07-A57A-6E981CB79E3F}.Release|Any CPU.ActiveCfg = Release|Any CPU
		{54EBCC1D-AF80-4D07-A57A-6E981CB79E3F}.Release|Any CPU.Build.0 = Release|Any CPU
		{4A4FC6E9-D194-4002-BAC6-809C200414E5}.Debug|Any CPU.ActiveCfg = Debug|Any CPU
		{4A4FC6E9-D194-4002-BAC6-809C200414E5}.Debug|Any CPU.Build.0 = Debug|Any CPU
		{4A4FC6E9-D194-4002-BAC6-809C200414E5}.Release|Any CPU.ActiveCfg = Release|Any CPU
		{4A4FC6E9-D194-4002-BAC6-809C200414E5}.Release|Any CPU.Build.0 = Release|Any CPU
		{7D0333C3-2ADD-46A6-9423-1AD660CEC478}.Debug|Any CPU.ActiveCfg = Debug|Any CPU
		{7D0333C3-2ADD-46A6-9423-1AD660CEC478}.Debug|Any CPU.Build.0 = Debug|Any CPU
		{7D0333C3-2ADD-46A6-9423-1AD660CEC478}.Release|Any CPU.ActiveCfg = Release|Any CPU
		{7D0333C3-2ADD-46A6-9423-1AD660CEC478}.Release|Any CPU.Build.0 = Release|Any CPU
	EndGlobalSection
	GlobalSection(SolutionProperties) = preSolution
		HideSolutionNode = FALSE
	EndGlobalSection
	GlobalSection(ExtensibilityGlobals) = postSolution
		SolutionGuid = {A37EEA98-F417-47B9-A034-18A7C802D436}
	EndGlobalSection
EndGlobal
